
Microsoft Visual Studio Solution File, Format Version 12.00
# Visual Studio 15
VisualStudioVersion = 15.0.26730.15
MinimumVisualStudioVersion = 10.0.40219.1
Project("{FAE04EC0-301F-11D3-BF4B-00C04F79EFBC}") = "api.foil.server", "api.foil.server\api.foil.server.csproj", "{567212A0-7689-47A6-9850-F32481814E30}"
EndProject
Global
	GlobalSection(SolutionConfigurationPlatforms) = preSolution
		Debug|Any CPU = Debug|Any CPU
		Release|Any CPU = Release|Any CPU
	EndGlobalSection
	GlobalSection(ProjectConfigurationPlatforms) = postSolution
		{567212A0-7689-47A6-9850-F32481814E30}.Debug|Any CPU.ActiveCfg = Debug|Any CPU
		{567212A0-7689-47A6-9850-F32481814E30}.Debug|Any CPU.Build.0 = Debug|Any CPU
		{567212A0-7689-47A6-9850-F32481814E30}.Release|Any CPU.ActiveCfg = Release|Any CPU
		{567212A0-7689-47A6-9850-F32481814E30}.Release|Any CPU.Build.0 = Release|Any CPU
	EndGlobalSection
	GlobalSection(SolutionProperties) = preSolution
		HideSolutionNode = FALSE
	EndGlobalSection
	GlobalSection(ExtensibilityGlobals) = postSolution
		SolutionGuid = {44C5ABF0-DA53-4995-A0F9-9E46861F780A}
	EndGlobalSection
EndGlobal
